
Microsoft Visual Studio Solution File, Format Version 9.00
# Visual Studio 2005
Project("{E24C65DC-7377-472B-9ABA-BC803B73C61A}") = "C:\...\HLBD\", ".", "{CDCC51DC-E1F0-4EC0-99EF-E1C4E99D7A61}"
	ProjectSection(WebsiteProperties) = preProject
		Debug.AspNetCompiler.VirtualPath = "/HLBD"
		Debug.AspNetCompiler.PhysicalPath = "..\HLBD\"
		Debug.AspNetCompiler.TargetPath = "PrecompiledWeb\HLBD\"
		Debug.AspNetCompiler.Updateable = "true"
		Debug.AspNetCompiler.ForceOverwrite = "true"
		Debug.AspNetCompiler.FixedNames = "false"
		Debug.AspNetCompiler.Debug = "True"
		Release.AspNetCompiler.VirtualPath = "/HLBD"
		Release.AspNetCompiler.PhysicalPath = "..\HLBD\"
		Release.AspNetCompiler.TargetPath = "PrecompiledWeb\HLBD\"
		Release.AspNetCompiler.Updateable = "true"
		Release.AspNetCompiler.ForceOverwrite = "true"
		Release.AspNetCompiler.FixedNames = "false"
		Release.AspNetCompiler.Debug = "False"
		VWDPort = "1066"
	EndProjectSection
EndProject
Global
	GlobalSection(SolutionConfigurationPlatforms) = preSolution
		Debug|.NET = Debug|.NET
	EndGlobalSection
	GlobalSection(ProjectConfigurationPlatforms) = postSolution
		{CDCC51DC-E1F0-4EC0-99EF-E1C4E99D7A61}.Debug|.NET.ActiveCfg = Debug|.NET
		{CDCC51DC-E1F0-4EC0-99EF-E1C4E99D7A61}.Debug|.NET.Build.0 = Debug|.NET
	EndGlobalSection
	GlobalSection(SolutionProperties) = preSolution
		HideSolutionNode = FALSE
	EndGlobalSection
EndGlobal
